// !$*UTF8*$!
{
	archiveVersion = 1;
	classes = {
	};
	objectVersion = 60;
	objects = {

/* Begin PBXBuildFile section */
		33EA192A2FA9203C0083368E /* SwiftProse in Frameworks */ = {isa = PBXBuildFile; productRef = 33EA19292FA9203C0083368E /* SwiftProse */; };
		33EA192C2FA9203C0083368E /* SwiftProseSyntax in Frameworks */ = {isa = PBXBuildFile; productRef = 33EA192B2FA9203C0083368E /* SwiftProseSyntax */; };
		B0010001000000000000B001 /* SwiftProseDemoApp.swift in Sources */ = {isa = PBXBuildFile; fileRef = B0020001000000000000B002 /* SwiftProseDemoApp.swift */; };
		B0010002000000000000B001 /* ContentView.swift in Sources */ = {isa = PBXBuildFile; fileRef = B0020002000000000000B002 /* ContentView.swift */; };
		B0010004000000000000B001 /* EditorTypingTests.swift in Sources */ = {isa = PBXBuildFile; fileRef = B0020003000000000000B002 /* EditorTypingTests.swift */; };
		B0010005000000000000B001 /* ToolbarTests.swift in Sources */ = {isa = PBXBuildFile; fileRef = B0020004000000000000B002 /* ToolbarTests.swift */; };
		B0010007000000000000B001 /* MarkdownDocument.swift in Sources */ = {isa = PBXBuildFile; fileRef = B0020006000000000000B002 /* MarkdownDocument.swift */; };
		B0010008000000000000B001 /* TestHelpers.swift in Sources */ = {isa = PBXBuildFile; fileRef = B0020008000000000000B002 /* TestHelpers.swift */; };
		B0010009000000000000B001 /* CodeHighlighters.swift in Sources */ = {isa = PBXBuildFile; fileRef = B0020009000000000000B002 /* CodeHighlighters.swift */; };
		B001000A000000000000B001 /* Resources/queries in Resources */ = {isa = PBXBuildFile; fileRef = B002000A000000000000B002 /* Resources/queries */; };
		B0E30001000000000000B0E3 /* TreeSitterSwift in Frameworks */ = {isa = PBXBuildFile; productRef = B0E20001000000000000B0E2 /* TreeSitterSwift */; };
		B0E30002000000000000B0E3 /* TreeSitterJavaScript in Frameworks */ = {isa = PBXBuildFile; productRef = B0E20002000000000000B0E2 /* TreeSitterJavaScript */; };
		B0E30003000000000000B0E3 /* TreeSitterCSS in Frameworks */ = {isa = PBXBuildFile; productRef = B0E20003000000000000B0E2 /* TreeSitterCSS */; };
		B0E30004000000000000B0E3 /* TreeSitterHTML in Frameworks */ = {isa = PBXBuildFile; productRef = B0E20004000000000000B0E2 /* TreeSitterHTML */; };
		B001000B000000000000B001 /* Fixtures in Resources */ = {isa = PBXBuildFile; fileRef = B002000B000000000000B002 /* Fixtures */; };
		B0011001000000000000B001 /* EditOp.swift in Sources */ = {isa = PBXBuildFile; fileRef = B0021001000000000000B002 /* EditOp.swift */; };
		B0011002000000000000B001 /* Scenario.swift in Sources */ = {isa = PBXBuildFile; fileRef = B0021002000000000000B002 /* Scenario.swift */; };
		B0011003000000000000B001 /* EditDriver.swift in Sources */ = {isa = PBXBuildFile; fileRef = B0021003000000000000B002 /* EditDriver.swift */; };
		B0011004000000000000B001 /* Oracles.swift in Sources */ = {isa = PBXBuildFile; fileRef = B0021004000000000000B002 /* Oracles.swift */; };
		B0011005000000000000B001 /* FuzzEngine.swift in Sources */ = {isa = PBXBuildFile; fileRef = B0021005000000000000B002 /* FuzzEngine.swift */; };
		B0011006000000000000B001 /* Shrinker.swift in Sources */ = {isa = PBXBuildFile; fileRef = B0021006000000000000B002 /* Shrinker.swift */; };
		B0011007000000000000B001 /* StorageDump.swift in Sources */ = {isa = PBXBuildFile; fileRef = B0021007000000000000B002 /* StorageDump.swift */; };
		B0011008000000000000B001 /* HarnessLaunch.swift in Sources */ = {isa = PBXBuildFile; fileRef = B0021008000000000000B002 /* HarnessLaunch.swift */; };
		B0011009000000000000B001 /* HarnessRegistry.swift in Sources */ = {isa = PBXBuildFile; fileRef = B0021009000000000000B002 /* HarnessRegistry.swift */; };
		B001100A000000000000B001 /* HarnessView.swift in Sources */ = {isa = PBXBuildFile; fileRef = B002100A000000000000B002 /* HarnessView.swift */; };
		B001100B000000000000B001 /* ScenarioRunner.swift in Sources */ = {isa = PBXBuildFile; fileRef = B002100B000000000000B002 /* ScenarioRunner.swift */; };
		B001100C000000000000B001 /* HarnessCLI.swift in Sources */ = {isa = PBXBuildFile; fileRef = B002100C000000000000B002 /* HarnessCLI.swift */; };
		B001100D000000000000B001 /* Corpus.swift in Sources */ = {isa = PBXBuildFile; fileRef = B002100D000000000000B002 /* Corpus.swift */; };
		B0012001000000000000B001 /* HarnessTestSupport.swift in Sources */ = {isa = PBXBuildFile; fileRef = B0022001000000000000B002 /* HarnessTestSupport.swift */; };
		B0012002000000000000B001 /* DriverCanaryTests.swift in Sources */ = {isa = PBXBuildFile; fileRef = B0022002000000000000B002 /* DriverCanaryTests.swift */; };
		B0012003000000000000B001 /* ScenarioTests.swift in Sources */ = {isa = PBXBuildFile; fileRef = B0022003000000000000B002 /* ScenarioTests.swift */; };
		B0012004000000000000B001 /* FuzzTests.swift in Sources */ = {isa = PBXBuildFile; fileRef = B0022004000000000000B002 /* FuzzTests.swift */; };
		B0013001000000000000B001 /* EditOp.swift in Sources */ = {isa = PBXBuildFile; fileRef = B0021001000000000000B002 /* EditOp.swift */; };
		B0013002000000000000B001 /* Scenario.swift in Sources */ = {isa = PBXBuildFile; fileRef = B0021002000000000000B002 /* Scenario.swift */; };
		B0010010000000000000B001 /* FormattingToolbar.swift in Sources */ = {isa = PBXBuildFile; fileRef = B0020010000000000000B002 /* FormattingToolbar.swift */; };
		B0012010000000000000B001 /* HarnessUITests.swift in Sources */ = {isa = PBXBuildFile; fileRef = B0022010000000000000B002 /* HarnessUITests.swift */; };
/* End PBXBuildFile section */

/* Begin PBXContainerItemProxy section */
		B0090001000000000000B009 /* PBXContainerItemProxy */ = {
			isa = PBXContainerItemProxy;
			containerPortal = B0030001000000000000B003 /* Project object */;
			proxyType = 1;
			remoteGlobalIDString = B0040001000000000000B004;
			remoteInfo = SwiftProseDemo;
		};
		B0090003000000000000B009 /* PBXContainerItemProxy */ = {
			isa = PBXContainerItemProxy;
			containerPortal = B0030001000000000000B003 /* Project object */;
			proxyType = 1;
			remoteGlobalIDString = B0040001000000000000B004;
			remoteInfo = SwiftProseDemo;
		};
/* End PBXContainerItemProxy section */

/* Begin PBXFileReference section */
		B0020001000000000000B002 /* SwiftProseDemoApp.swift */ = {isa = PBXFileReference; lastKnownFileType = sourcecode.swift; path = SwiftProseDemoApp.swift; sourceTree = "<group>"; };
		B0020002000000000000B002 /* ContentView.swift */ = {isa = PBXFileReference; lastKnownFileType = sourcecode.swift; path = ContentView.swift; sourceTree = "<group>"; };
		B0020003000000000000B002 /* EditorTypingTests.swift */ = {isa = PBXFileReference; lastKnownFileType = sourcecode.swift; path = EditorTypingTests.swift; sourceTree = "<group>"; };
		B0020004000000000000B002 /* ToolbarTests.swift */ = {isa = PBXFileReference; lastKnownFileType = sourcecode.swift; path = ToolbarTests.swift; sourceTree = "<group>"; };
		B0020006000000000000B002 /* MarkdownDocument.swift */ = {isa = PBXFileReference; lastKnownFileType = sourcecode.swift; path = MarkdownDocument.swift; sourceTree = "<group>"; };
		B0020007000000000000B002 /* Info.plist */ = {isa = PBXFileReference; lastKnownFileType = text.plist.xml; path = Info.plist; sourceTree = "<group>"; };
		B0020008000000000000B002 /* TestHelpers.swift */ = {isa = PBXFileReference; lastKnownFileType = sourcecode.swift; path = TestHelpers.swift; sourceTree = "<group>"; };
		B0020009000000000000B002 /* CodeHighlighters.swift */ = {isa = PBXFileReference; lastKnownFileType = sourcecode.swift; path = CodeHighlighters.swift; sourceTree = "<group>"; };
		B002000A000000000000B002 /* Resources/queries */ = {isa = PBXFileReference; lastKnownFileType = folder; path = Resources/queries; sourceTree = "<group>"; };
		B00F0001000000000000B00F /* SwiftProseDemo.app */ = {isa = PBXFileReference; explicitFileType = wrapper.application; includeInIndex = 0; path = SwiftProseDemo.app; sourceTree = BUILT_PRODUCTS_DIR; };
		B00F0002000000000000B00F /* SwiftProseDemoUITests.xctest */ = {isa = PBXFileReference; explicitFileType = wrapper.cfbundle; includeInIndex = 0; path = SwiftProseDemoUITests.xctest; sourceTree = BUILT_PRODUCTS_DIR; };
		B002000B000000000000B002 /* Fixtures */ = {isa = PBXFileReference; lastKnownFileType = folder; path = Fixtures; sourceTree = "<group>"; };
		B0021001000000000000B002 /* EditOp.swift */ = {isa = PBXFileReference; lastKnownFileType = sourcecode.swift; path = EditOp.swift; sourceTree = "<group>"; };
		B0021002000000000000B002 /* Scenario.swift */ = {isa = PBXFileReference; lastKnownFileType = sourcecode.swift; path = Scenario.swift; sourceTree = "<group>"; };
		B0021003000000000000B002 /* EditDriver.swift */ = {isa = PBXFileReference; lastKnownFileType = sourcecode.swift; path = EditDriver.swift; sourceTree = "<group>"; };
		B0021004000000000000B002 /* Oracles.swift */ = {isa = PBXFileReference; lastKnownFileType = sourcecode.swift; path = Oracles.swift; sourceTree = "<group>"; };
		B0021005000000000000B002 /* FuzzEngine.swift */ = {isa = PBXFileReference; lastKnownFileType = sourcecode.swift; path = FuzzEngine.swift; sourceTree = "<group>"; };
		B0021006000000000000B002 /* Shrinker.swift */ = {isa = PBXFileReference; lastKnownFileType = sourcecode.swift; path = Shrinker.swift; sourceTree = "<group>"; };
		B0021007000000000000B002 /* StorageDump.swift */ = {isa = PBXFileReference; lastKnownFileType = sourcecode.swift; path = StorageDump.swift; sourceTree = "<group>"; };
		B0021008000000000000B002 /* HarnessLaunch.swift */ = {isa = PBXFileReference; lastKnownFileType = sourcecode.swift; path = HarnessLaunch.swift; sourceTree = "<group>"; };
		B0021009000000000000B002 /* HarnessRegistry.swift */ = {isa = PBXFileReference; lastKnownFileType = sourcecode.swift; path = HarnessRegistry.swift; sourceTree = "<group>"; };
		B002100A000000000000B002 /* HarnessView.swift */ = {isa = PBXFileReference; lastKnownFileType = sourcecode.swift; path = HarnessView.swift; sourceTree = "<group>"; };
		B002100B000000000000B002 /* ScenarioRunner.swift */ = {isa = PBXFileReference; lastKnownFileType = sourcecode.swift; path = ScenarioRunner.swift; sourceTree = "<group>"; };
		B002100C000000000000B002 /* HarnessCLI.swift */ = {isa = PBXFileReference; lastKnownFileType = sourcecode.swift; path = HarnessCLI.swift; sourceTree = "<group>"; };
		B002100D000000000000B002 /* Corpus.swift */ = {isa = PBXFileReference; lastKnownFileType = sourcecode.swift; path = Corpus.swift; sourceTree = "<group>"; };
		B0022001000000000000B002 /* HarnessTestSupport.swift */ = {isa = PBXFileReference; lastKnownFileType = sourcecode.swift; path = HarnessTestSupport.swift; sourceTree = "<group>"; };
		B0022002000000000000B002 /* DriverCanaryTests.swift */ = {isa = PBXFileReference; lastKnownFileType = sourcecode.swift; path = DriverCanaryTests.swift; sourceTree = "<group>"; };
		B0022003000000000000B002 /* ScenarioTests.swift */ = {isa = PBXFileReference; lastKnownFileType = sourcecode.swift; path = ScenarioTests.swift; sourceTree = "<group>"; };
		B0022004000000000000B002 /* FuzzTests.swift */ = {isa = PBXFileReference; lastKnownFileType = sourcecode.swift; path = FuzzTests.swift; sourceTree = "<group>"; };
		B00F0003000000000000B00F /* SwiftProseDemoTests.xctest */ = {isa = PBXFileReference; explicitFileType = wrapper.cfbundle; includeInIndex = 0; path = SwiftProseDemoTests.xctest; sourceTree = BUILT_PRODUCTS_DIR; };
		B0020010000000000000B002 /* FormattingToolbar.swift */ = {isa = PBXFileReference; lastKnownFileType = sourcecode.swift; path = FormattingToolbar.swift; sourceTree = "<group>"; };
		B0022010000000000000B002 /* HarnessUITests.swift */ = {isa = PBXFileReference; lastKnownFileType = sourcecode.swift; path = HarnessUITests.swift; sourceTree = "<group>"; };
/* End PBXFileReference section */

/* Begin PBXFrameworksBuildPhase section */
		B0070001000000000000B007 /* Frameworks */ = {
			isa = PBXFrameworksBuildPhase;
			buildActionMask = 2147483647;
			files = (
				33EA192A2FA9203C0083368E /* SwiftProse in Frameworks */,
				B0E30001000000000000B0E3 /* TreeSitterSwift in Frameworks */,
				33EA192C2FA9203C0083368E /* SwiftProseSyntax in Frameworks */,
				B0E30002000000000000B0E3 /* TreeSitterJavaScript in Frameworks */,
				B0E30003000000000000B0E3 /* TreeSitterCSS in Frameworks */,
				B0E30004000000000000B0E3 /* TreeSitterHTML in Frameworks */,
			);
			runOnlyForDeploymentPostprocessing = 0;
		};
		B0070002000000000000B007 /* Frameworks */ = {
			isa = PBXFrameworksBuildPhase;
			buildActionMask = 2147483647;
			files = (
			);
			runOnlyForDeploymentPostprocessing = 0;
		};
		B0070003000000000000B007 /* Frameworks */ = {
			isa = PBXFrameworksBuildPhase;
			buildActionMask = 2147483647;
			files = (
			);
			runOnlyForDeploymentPostprocessing = 0;
		};
/* End PBXFrameworksBuildPhase section */

/* Begin PBXGroup section */
		B0060001000000000000B006 = {
			isa = PBXGroup;
			children = (
				B0060002000000000000B006 /* SwiftProseDemo */,
				B0060005000000000000B006 /* SwiftProseDemoTests */,
				B0060003000000000000B006 /* SwiftProseDemoUITests */,
				B0060004000000000000B006 /* Products */,
			);
			sourceTree = "<group>";
		};
		B0060002000000000000B006 /* SwiftProseDemo */ = {
			isa = PBXGroup;
			children = (
				B0020010000000000000B002 /* FormattingToolbar.swift */,
				B0060006000000000000B006 /* Harness */,
				B0020001000000000000B002 /* SwiftProseDemoApp.swift */,
				B0020002000000000000B002 /* ContentView.swift */,
				B0020009000000000000B002 /* CodeHighlighters.swift */,
				B0020006000000000000B002 /* MarkdownDocument.swift */,
				B002000A000000000000B002 /* Resources/queries */,
				B002000B000000000000B002 /* Fixtures */,
				B0020007000000000000B002 /* Info.plist */,
			);
			path = SwiftProseDemo;
			sourceTree = "<group>";
		};
		B0060003000000000000B006 /* SwiftProseDemoUITests */ = {
			isa = PBXGroup;
			children = (
				B0022010000000000000B002 /* HarnessUITests.swift */,
				B0020003000000000000B002 /* EditorTypingTests.swift */,
				B0020004000000000000B002 /* ToolbarTests.swift */,
				B0020008000000000000B002 /* TestHelpers.swift */,
			);
			path = SwiftProseDemoUITests;
			sourceTree = "<group>";
		};
		B0060004000000000000B006 /* Products */ = {
			isa = PBXGroup;
			children = (
				B00F0001000000000000B00F /* SwiftProseDemo.app */,
				B00F0002000000000000B00F /* SwiftProseDemoUITests.xctest */,
				B00F0003000000000000B00F /* SwiftProseDemoTests.xctest */,
			);
			name = Products;
			sourceTree = "<group>";
		};
		B0060005000000000000B006 /* SwiftProseDemoTests */ = {
			isa = PBXGroup;
			children = (
				B0022001000000000000B002 /* HarnessTestSupport.swift */,
				B0022002000000000000B002 /* DriverCanaryTests.swift */,
				B0022003000000000000B002 /* ScenarioTests.swift */,
				B0022004000000000000B002 /* FuzzTests.swift */,
			);
			path = SwiftProseDemoTests;
			sourceTree = "<group>";
		};
		B0060006000000000000B006 /* Harness */ = {
			isa = PBXGroup;
			children = (
				B0021001000000000000B002 /* EditOp.swift */,
				B0021002000000000000B002 /* Scenario.swift */,
				B0021003000000000000B002 /* EditDriver.swift */,
				B0021004000000000000B002 /* Oracles.swift */,
				B0021005000000000000B002 /* FuzzEngine.swift */,
				B0021006000000000000B002 /* Shrinker.swift */,
				B0021007000000000000B002 /* StorageDump.swift */,
				B0021008000000000000B002 /* HarnessLaunch.swift */,
				B0021009000000000000B002 /* HarnessRegistry.swift */,
				B002100A000000000000B002 /* HarnessView.swift */,
				B002100B000000000000B002 /* ScenarioRunner.swift */,
				B002100C000000000000B002 /* HarnessCLI.swift */,
				B002100D000000000000B002 /* Corpus.swift */,
			);
			path = Harness;
			sourceTree = "<group>";
		};
/* End PBXGroup section */

/* Begin PBXNativeTarget section */
		B0040001000000000000B004 /* SwiftProseDemo */ = {
			isa = PBXNativeTarget;
			buildConfigurationList = B00B0001000000000000B00B /* Build configuration list for PBXNativeTarget "SwiftProseDemo" */;
			buildPhases = (
				B00C0001000000000000B00C /* Sources */,
				B0070001000000000000B007 /* Frameworks */,
				B00D0001000000000000B00D /* Resources */,
			);
			buildRules = (
			);
			dependencies = (
			);
			name = SwiftProseDemo;
			packageProductDependencies = (
				B0E20001000000000000B0E2 /* TreeSitterSwift */,
				B0E20002000000000000B0E2 /* TreeSitterJavaScript */,
				B0E20003000000000000B0E2 /* TreeSitterCSS */,
				B0E20004000000000000B0E2 /* TreeSitterHTML */,
				33EA19292FA9203C0083368E /* SwiftProse */,
				33EA192B2FA9203C0083368E /* SwiftProseSyntax */,
			);
			productName = SwiftProseDemo;
			productReference = B00F0001000000000000B00F /* SwiftProseDemo.app */;
			productType = "com.apple.product-type.application";
		};
		B0040002000000000000B004 /* SwiftProseDemoUITests */ = {
			isa = PBXNativeTarget;
			buildConfigurationList = B00B0002000000000000B00B /* Build configuration list for PBXNativeTarget "SwiftProseDemoUITests" */;
			buildPhases = (
				B00C0002000000000000B00C /* Sources */,
				B0070002000000000000B007 /* Frameworks */,
			);
			buildRules = (
			);
			dependencies = (
				B0090002000000000000B009 /* PBXTargetDependency */,
			);
			name = SwiftProseDemoUITests;
			productName = SwiftProseDemoUITests;
			productReference = B00F0002000000000000B00F /* SwiftProseDemoUITests.xctest */;
			productType = "com.apple.product-type.bundle.ui-testing";
		};
		B0040003000000000000B004 /* SwiftProseDemoTests */ = {
			isa = PBXNativeTarget;
			buildConfigurationList = B00B0004000000000000B00B /* Build configuration list for PBXNativeTarget "SwiftProseDemoTests" */;
			buildPhases = (
				B00C0003000000000000B00C /* Sources */,
				B0070003000000000000B007 /* Frameworks */,
			);
			buildRules = (
			);
			dependencies = (
				B0090004000000000000B009 /* PBXTargetDependency */,
			);
			name = SwiftProseDemoTests;
			productName = SwiftProseDemoTests;
			productReference = B00F0003000000000000B00F /* SwiftProseDemoTests.xctest */;
			productType = "com.apple.product-type.bundle.unit-test";
		};
/* End PBXNativeTarget section */

/* Begin PBXProject section */
		B0030001000000000000B003 /* Project object */ = {
			isa = PBXProject;
			attributes = {
				BuildIndependentTargetsInParallel = YES;
				LastSwiftUpdateCheck = 1600;
				LastUpgradeCheck = 1600;
				TargetAttributes = {
					B0040001000000000000B004 = {
						CreatedOnToolsVersion = 16.0;
					};
					B0040002000000000000B004 = {
						CreatedOnToolsVersion = 16.0;
						TestTargetID = B0040001000000000000B004;
					};
					B0040003000000000000B004 = {
						CreatedOnToolsVersion = 16.0;
						TestTargetID = B0040001000000000000B004;
					};
				};
			};
			buildConfigurationList = B00B0003000000000000B00B /* Build configuration list for PBXProject "SwiftProseDemo" */;
			compatibilityVersion = "Xcode 14.0";
			developmentRegion = en;
			hasScannedForEncodings = 0;
			knownRegions = (
				en,
				Base,
			);
			mainGroup = B0060001000000000000B006;
			packageReferences = (
				B0E10001000000000000B0E1 /* XCRemoteSwiftPackageReference "tree-sitter-swift" */,
				B0E10002000000000000B0E1 /* XCRemoteSwiftPackageReference "tree-sitter-javascript" */,
				B0E10003000000000000B0E1 /* XCRemoteSwiftPackageReference "tree-sitter-css" */,
				B0E10004000000000000B0E1 /* XCRemoteSwiftPackageReference "tree-sitter-html" */,
				33EA19282FA9203C0083368E /* XCLocalSwiftPackageReference "../.." */,
			);
			productRefGroup = B0060004000000000000B006 /* Products */;
			projectDirPath = "";
			projectRoot = "";
			targets = (
				B0040001000000000000B004 /* SwiftProseDemo */,
				B0040002000000000000B004 /* SwiftProseDemoUITests */,
				B0040003000000000000B004 /* SwiftProseDemoTests */,
			);
		};
/* End PBXProject section */

/* Begin PBXResourcesBuildPhase section */
		B00D0001000000000000B00D /* Resources */ = {
			isa = PBXResourcesBuildPhase;
			buildActionMask = 2147483647;
			files = (
				B001000A000000000000B001 /* Resources/queries in Resources */,
				B001000B000000000000B001 /* Fixtures in Resources */,
			);
			runOnlyForDeploymentPostprocessing = 0;
		};
/* End PBXResourcesBuildPhase section */

/* Begin PBXSourcesBuildPhase section */
		B00C0001000000000000B00C /* Sources */ = {
			isa = PBXSourcesBuildPhase;
			buildActionMask = 2147483647;
			files = (
				B0010010000000000000B001 /* FormattingToolbar.swift in Sources */,
				B0010001000000000000B001 /* SwiftProseDemoApp.swift in Sources */,
				B0010002000000000000B001 /* ContentView.swift in Sources */,
				B0010007000000000000B001 /* MarkdownDocument.swift in Sources */,
				B0010009000000000000B001 /* CodeHighlighters.swift in Sources */,
				B0011001000000000000B001 /* EditOp.swift in Sources */,
				B0011002000000000000B001 /* Scenario.swift in Sources */,
				B0011003000000000000B001 /* EditDriver.swift in Sources */,
				B0011004000000000000B001 /* Oracles.swift in Sources */,
				B0011005000000000000B001 /* FuzzEngine.swift in Sources */,
				B0011006000000000000B001 /* Shrinker.swift in Sources */,
				B0011007000000000000B001 /* StorageDump.swift in Sources */,
				B0011008000000000000B001 /* HarnessLaunch.swift in Sources */,
				B0011009000000000000B001 /* HarnessRegistry.swift in Sources */,
				B001100A000000000000B001 /* HarnessView.swift in Sources */,
				B001100B000000000000B001 /* ScenarioRunner.swift in Sources */,
				B001100C000000000000B001 /* HarnessCLI.swift in Sources */,
				B001100D000000000000B001 /* Corpus.swift in Sources */,
			);
			runOnlyForDeploymentPostprocessing = 0;
		};
		B00C0002000000000000B00C /* Sources */ = {
			isa = PBXSourcesBuildPhase;
			buildActionMask = 2147483647;
			files = (
				B0012010000000000000B001 /* HarnessUITests.swift in Sources */,
				B0010004000000000000B001 /* EditorTypingTests.swift in Sources */,
				B0010005000000000000B001 /* ToolbarTests.swift in Sources */,
				B0010008000000000000B001 /* TestHelpers.swift in Sources */,
				B0013001000000000000B001 /* EditOp.swift in Sources */,
				B0013002000000000000B001 /* Scenario.swift in Sources */,
			);
			runOnlyForDeploymentPostprocessing = 0;
		};
		B00C0003000000000000B00C /* Sources */ = {
			isa = PBXSourcesBuildPhase;
			buildActionMask = 2147483647;
			files = (
				B0012001000000000000B001 /* HarnessTestSupport.swift in Sources */,
				B0012002000000000000B001 /* DriverCanaryTests.swift in Sources */,
				B0012003000000000000B001 /* ScenarioTests.swift in Sources */,
				B0012004000000000000B001 /* FuzzTests.swift in Sources */,
			);
			runOnlyForDeploymentPostprocessing = 0;
		};
/* End PBXSourcesBuildPhase section */

/* Begin PBXTargetDependency section */
		B0090002000000000000B009 /* PBXTargetDependency */ = {
			isa = PBXTargetDependency;
			target = B0040001000000000000B004 /* SwiftProseDemo */;
			targetProxy = B0090001000000000000B009 /* PBXContainerItemProxy */;
		};
		B0090004000000000000B009 /* PBXTargetDependency */ = {
			isa = PBXTargetDependency;
			target = B0040001000000000000B004 /* SwiftProseDemo */;
			targetProxy = B0090003000000000000B009 /* PBXContainerItemProxy */;
		};
/* End PBXTargetDependency section */

/* Begin XCBuildConfiguration section */
		B00A0001000000000000B00A /* Debug */ = {
			isa = XCBuildConfiguration;
			buildSettings = {
				ALWAYS_SEARCH_USER_PATHS = NO;
				CLANG_ANALYZER_NONNULL = YES;
				CLANG_ENABLE_MODULES = YES;
				CLANG_ENABLE_OBJC_ARC = YES;
				CODE_SIGN_STYLE = Automatic;
				DEBUG_INFORMATION_FORMAT = dwarf;
				ENABLE_STRICT_OBJC_MSGSEND = YES;
				ENABLE_TESTABILITY = YES;
				GCC_DYNAMIC_NO_PIC = NO;
				GCC_NO_COMMON_BLOCKS = YES;
				GCC_OPTIMIZATION_LEVEL = 0;
				GCC_PREPROCESSOR_DEFINITIONS = (
					"DEBUG=1",
					"$(inherited)",
				);
				IPHONEOS_DEPLOYMENT_TARGET = 26.0;
				MACOSX_DEPLOYMENT_TARGET = 26.0;
				ONLY_ACTIVE_ARCH = YES;
				SDKROOT = auto;
				SUPPORTED_PLATFORMS = "iphoneos iphonesimulator macosx";
				SUPPORTS_MACCATALYST = NO;
				SWIFT_ACTIVE_COMPILATION_CONDITIONS = "DEBUG $(inherited)";
				SWIFT_OPTIMIZATION_LEVEL = "-Onone";
				SWIFT_VERSION = 5.0;
				TARGETED_DEVICE_FAMILY = "1,2";
			};
			name = Debug;
		};
		B00A0002000000000000B00A /* Release */ = {
			isa = XCBuildConfiguration;
			buildSettings = {
				ALWAYS_SEARCH_USER_PATHS = NO;
				CLANG_ANALYZER_NONNULL = YES;
				CLANG_ENABLE_MODULES = YES;
				CLANG_ENABLE_OBJC_ARC = YES;
				CODE_SIGN_STYLE = Automatic;
				COPY_PHASE_STRIP = NO;
				DEBUG_INFORMATION_FORMAT = "dwarf-with-dsym";
				ENABLE_STRICT_OBJC_MSGSEND = YES;
				GCC_NO_COMMON_BLOCKS = YES;
				IPHONEOS_DEPLOYMENT_TARGET = 26.0;
				MACOSX_DEPLOYMENT_TARGET = 26.0;
				SDKROOT = auto;
				SUPPORTED_PLATFORMS = "iphoneos iphonesimulator macosx";
				SUPPORTS_MACCATALYST = NO;
				SWIFT_COMPILATION_MODE = wholemodule;
				SWIFT_VERSION = 5.0;
				TARGETED_DEVICE_FAMILY = "1,2";
				VALIDATE_PRODUCT = YES;
			};
			name = Release;
		};
		B00A0003000000000000B00A /* Debug */ = {
			isa = XCBuildConfiguration;
			buildSettings = {
				ASSETCATALOG_COMPILER_APPICON_NAME = AppIcon;
				CODE_SIGN_STYLE = Automatic;
				CURRENT_PROJECT_VERSION = 1;
				DEVELOPMENT_TEAM = FKN6VL994M;
				ENABLE_PREVIEWS = YES;
				INFOPLIST_FILE = SwiftProseDemo/Info.plist;
				IPHONEOS_DEPLOYMENT_TARGET = 26.0;
				LD_RUNPATH_SEARCH_PATHS = (
					"$(inherited)",
					"@executable_path/Frameworks",
					"@executable_path/../Frameworks",
				);
				MACOSX_DEPLOYMENT_TARGET = 26.0;
				MARKETING_VERSION = 1.0;
				PRODUCT_BUNDLE_IDENTIFIER = com.fchasen.swiftprose.SwiftProseDemo;
				PRODUCT_NAME = "$(TARGET_NAME)";
				SDKROOT = auto;
				SUPPORTED_PLATFORMS = "iphoneos iphonesimulator macosx";
				SUPPORTS_MACCATALYST = NO;
				SWIFT_EMIT_LOC_STRINGS = YES;
				SWIFT_VERSION = 5.0;
				TARGETED_DEVICE_FAMILY = "1,2";
			};
			name = Debug;
		};
		B00A0004000000000000B00A /* Release */ = {
			isa = XCBuildConfiguration;
			buildSettings = {
				ASSETCATALOG_COMPILER_APPICON_NAME = AppIcon;
				CODE_SIGN_STYLE = Automatic;
				CURRENT_PROJECT_VERSION = 1;
				DEVELOPMENT_TEAM = FKN6VL994M;
				ENABLE_PREVIEWS = YES;
				INFOPLIST_FILE = SwiftProseDemo/Info.plist;
				IPHONEOS_DEPLOYMENT_TARGET = 26.0;
				LD_RUNPATH_SEARCH_PATHS = (
					"$(inherited)",
					"@executable_path/Frameworks",
					"@executable_path/../Frameworks",
				);
				MACOSX_DEPLOYMENT_TARGET = 26.0;
				MARKETING_VERSION = 1.0;
				PRODUCT_BUNDLE_IDENTIFIER = com.fchasen.swiftprose.SwiftProseDemo;
				PRODUCT_NAME = "$(TARGET_NAME)";
				SDKROOT = auto;
				SUPPORTED_PLATFORMS = "iphoneos iphonesimulator macosx";
				SUPPORTS_MACCATALYST = NO;
				SWIFT_EMIT_LOC_STRINGS = YES;
				SWIFT_VERSION = 5.0;
				TARGETED_DEVICE_FAMILY = "1,2";
			};
			name = Release;
		};
		B00A0005000000000000B00A /* Debug */ = {
			isa = XCBuildConfiguration;
			buildSettings = {
				CODE_SIGN_STYLE = Automatic;
				CURRENT_PROJECT_VERSION = 1;
				GENERATE_INFOPLIST_FILE = YES;
				IPHONEOS_DEPLOYMENT_TARGET = 26.0;
				MACOSX_DEPLOYMENT_TARGET = 26.0;
				MARKETING_VERSION = 1.0;
				PRODUCT_BUNDLE_IDENTIFIER = dev.swiftprose.SwiftProseDemoUITests;
				PRODUCT_NAME = "$(TARGET_NAME)";
				SDKROOT = auto;
				SUPPORTED_PLATFORMS = "iphoneos iphonesimulator macosx";
				SUPPORTS_MACCATALYST = NO;
				SWIFT_EMIT_LOC_STRINGS = NO;
				SWIFT_VERSION = 5.0;
				TARGETED_DEVICE_FAMILY = "1,2";
				TEST_TARGET_NAME = SwiftProseDemo;
			};
			name = Debug;
		};
		B00A0006000000000000B00A /* Release */ = {
			isa = XCBuildConfiguration;
			buildSettings = {
				CODE_SIGN_STYLE = Automatic;
				CURRENT_PROJECT_VERSION = 1;
				GENERATE_INFOPLIST_FILE = YES;
				IPHONEOS_DEPLOYMENT_TARGET = 26.0;
				MACOSX_DEPLOYMENT_TARGET = 26.0;
				MARKETING_VERSION = 1.0;
				PRODUCT_BUNDLE_IDENTIFIER = dev.swiftprose.SwiftProseDemoUITests;
				PRODUCT_NAME = "$(TARGET_NAME)";
				SDKROOT = auto;
				SUPPORTED_PLATFORMS = "iphoneos iphonesimulator macosx";
				SUPPORTS_MACCATALYST = NO;
				SWIFT_EMIT_LOC_STRINGS = NO;
				SWIFT_VERSION = 5.0;
				TARGETED_DEVICE_FAMILY = "1,2";
				TEST_TARGET_NAME = SwiftProseDemo;
			};
			name = Release;
		};
		B00A0007000000000000B00A /* Debug */ = {
			isa = XCBuildConfiguration;
			buildSettings = {
				BUNDLE_LOADER = "$(TEST_HOST)";
				CODE_SIGN_STYLE = Automatic;
				CURRENT_PROJECT_VERSION = 1;
				DEVELOPMENT_TEAM = FKN6VL994M;
				GENERATE_INFOPLIST_FILE = YES;
				MACOSX_DEPLOYMENT_TARGET = 26.0;
				MARKETING_VERSION = 1.0;
				PRODUCT_BUNDLE_IDENTIFIER = com.fchasen.swiftprose.SwiftProseDemoTests;
				PRODUCT_NAME = "$(TARGET_NAME)";
				SDKROOT = macosx;
				SUPPORTED_PLATFORMS = macosx;
				SUPPORTS_MACCATALYST = NO;
				SWIFT_EMIT_LOC_STRINGS = NO;
				SWIFT_VERSION = 5.0;
				TEST_HOST = "$(BUILT_PRODUCTS_DIR)/SwiftProseDemo.app/$(BUNDLE_EXECUTABLE_FOLDER_PATH)/SwiftProseDemo";
				TEST_TARGET_NAME = SwiftProseDemo;
			};
			name = Debug;
		};
		B00A0008000000000000B00A /* Release */ = {
			isa = XCBuildConfiguration;
			buildSettings = {
				BUNDLE_LOADER = "$(TEST_HOST)";
				CODE_SIGN_STYLE = Automatic;
				CURRENT_PROJECT_VERSION = 1;
				DEVELOPMENT_TEAM = FKN6VL994M;
				GENERATE_INFOPLIST_FILE = YES;
				MACOSX_DEPLOYMENT_TARGET = 26.0;
				MARKETING_VERSION = 1.0;
				PRODUCT_BUNDLE_IDENTIFIER = com.fchasen.swiftprose.SwiftProseDemoTests;
				PRODUCT_NAME = "$(TARGET_NAME)";
				SDKROOT = macosx;
				SUPPORTED_PLATFORMS = macosx;
				SUPPORTS_MACCATALYST = NO;
				SWIFT_EMIT_LOC_STRINGS = NO;
				SWIFT_VERSION = 5.0;
				TEST_HOST = "$(BUILT_PRODUCTS_DIR)/SwiftProseDemo.app/$(BUNDLE_EXECUTABLE_FOLDER_PATH)/SwiftProseDemo";
				TEST_TARGET_NAME = SwiftProseDemo;
			};
			name = Release;
		};
/* End XCBuildConfiguration section */

/* Begin XCConfigurationList section */
		B00B0001000000000000B00B /* Build configuration list for PBXNativeTarget "SwiftProseDemo" */ = {
			isa = XCConfigurationList;
			buildConfigurations = (
				B00A0003000000000000B00A /* Debug */,
				B00A0004000000000000B00A /* Release */,
			);
			defaultConfigurationIsVisible = 0;
			defaultConfigurationName = Release;
		};
		B00B0002000000000000B00B /* Build configuration list for PBXNativeTarget "SwiftProseDemoUITests" */ = {
			isa = XCConfigurationList;
			buildConfigurations = (
				B00A0005000000000000B00A /* Debug */,
				B00A0006000000000000B00A /* Release */,
			);
			defaultConfigurationIsVisible = 0;
			defaultConfigurationName = Release;
		};
		B00B0003000000000000B00B /* Build configuration list for PBXProject "SwiftProseDemo" */ = {
			isa = XCConfigurationList;
			buildConfigurations = (
				B00A0001000000000000B00A /* Debug */,
				B00A0002000000000000B00A /* Release */,
			);
			defaultConfigurationIsVisible = 0;
			defaultConfigurationName = Release;
		};
		B00B0004000000000000B00B /* Build configuration list for PBXNativeTarget "SwiftProseDemoTests" */ = {
			isa = XCConfigurationList;
			buildConfigurations = (
				B00A0007000000000000B00A /* Debug */,
				B00A0008000000000000B00A /* Release */,
			);
			defaultConfigurationIsVisible = 0;
			defaultConfigurationName = Release;
		};
/* End XCConfigurationList section */

/* Begin XCLocalSwiftPackageReference section */
		33EA19282FA9203C0083368E /* XCLocalSwiftPackageReference "../.." */ = {
			isa = XCLocalSwiftPackageReference;
			relativePath = ../..;
		};
/* End XCLocalSwiftPackageReference section */

/* Begin XCRemoteSwiftPackageReference section */
		B0E10001000000000000B0E1 /* XCRemoteSwiftPackageReference "tree-sitter-swift" */ = {
			isa = XCRemoteSwiftPackageReference;
			repositoryURL = "https://github.com/alex-pinkus/tree-sitter-swift";
			requirement = {
				branch = "with-generated-files";
				kind = branch;
			};
		};
		B0E10002000000000000B0E1 /* XCRemoteSwiftPackageReference "tree-sitter-javascript" */ = {
			isa = XCRemoteSwiftPackageReference;
			repositoryURL = "https://github.com/tree-sitter/tree-sitter-javascript";
			requirement = {
				kind = exactVersion;
				version = 0.23.1;
			};
		};
		B0E10003000000000000B0E1 /* XCRemoteSwiftPackageReference "tree-sitter-css" */ = {
			isa = XCRemoteSwiftPackageReference;
			repositoryURL = "https://github.com/tree-sitter/tree-sitter-css";
			requirement = {
				kind = exactVersion;
				version = 0.23.2;
			};
		};
		B0E10004000000000000B0E1 /* XCRemoteSwiftPackageReference "tree-sitter-html" */ = {
			isa = XCRemoteSwiftPackageReference;
			repositoryURL = "https://github.com/tree-sitter/tree-sitter-html";
			requirement = {
				kind = exactVersion;
				version = 0.23.2;
			};
		};
/* End XCRemoteSwiftPackageReference section */

/* Begin XCSwiftPackageProductDependency section */
		33EA19292FA9203C0083368E /* SwiftProse */ = {
			isa = XCSwiftPackageProductDependency;
			package = 33EA19282FA9203C0083368E /* XCLocalSwiftPackageReference "../.." */;
			productName = SwiftProse;
		};
		33EA192B2FA9203C0083368E /* SwiftProseSyntax */ = {
			isa = XCSwiftPackageProductDependency;
			package = 33EA19282FA9203C0083368E /* XCLocalSwiftPackageReference "../.." */;
			productName = SwiftProseSyntax;
		};
		B0E20001000000000000B0E2 /* TreeSitterSwift */ = {
			isa = XCSwiftPackageProductDependency;
			package = B0E10001000000000000B0E1 /* XCRemoteSwiftPackageReference "tree-sitter-swift" */;
			productName = TreeSitterSwift;
		};
		B0E20002000000000000B0E2 /* TreeSitterJavaScript */ = {
			isa = XCSwiftPackageProductDependency;
			package = B0E10002000000000000B0E1 /* XCRemoteSwiftPackageReference "tree-sitter-javascript" */;
			productName = TreeSitterJavaScript;
		};
		B0E20003000000000000B0E2 /* TreeSitterCSS */ = {
			isa = XCSwiftPackageProductDependency;
			package = B0E10003000000000000B0E1 /* XCRemoteSwiftPackageReference "tree-sitter-css" */;
			productName = TreeSitterCSS;
		};
		B0E20004000000000000B0E2 /* TreeSitterHTML */ = {
			isa = XCSwiftPackageProductDependency;
			package = B0E10004000000000000B0E1 /* XCRemoteSwiftPackageReference "tree-sitter-html" */;
			productName = TreeSitterHTML;
		};
/* End XCSwiftPackageProductDependency section */
	};
	rootObject = B0030001000000000000B003 /* Project object */;
}
